
Microsoft Visual Studio Solution File, Format Version 12.00
# Visual Studio Version 16
VisualStudioVersion = 16.0.29324.140
MinimumVisualStudioVersion = 10.0.40219.1
Project("{8BC9CEB8-8B4A-11D0-8D11-00A0C91BC942}") = "Assignment4Final", "Assignment4Final\Assignment4Final.vcxitems", "{9D8BA446-9CDA-4698-A46D-6EE5D0DC63AD}"
EndProject
Global
	GlobalSection(SolutionProperties) = preSolution
		HideSolutionNode = FALSE
	EndGlobalSection
	GlobalSection(ExtensibilityGlobals) = postSolution
		SolutionGuid = {520C0AF7-D0C2-4C31-93A6-7AB3D460C223}
	EndGlobalSection
EndGlobal
